// !$*UTF8*$!
{
	archiveVersion = 1;
	classes = {
	};
	objectVersion = 46;
	objects = {

/* Begin PBXBuildFile section */
		5D00675E1E18CDEA00462E4D /* AppDelegate.swift in Sources */ = {isa = PBXBuildFile; fileRef = 5D00675D1E18CDEA00462E4D /* AppDelegate.swift */; };
		5D0067601E18CDEA00462E4D /* ViewController.swift in Sources */ = {isa = PBXBuildFile; fileRef = 5D00675F1E18CDEA00462E4D /* ViewController.swift */; };
		5D0067631E18CDEA00462E4D /* Main.storyboard in Resources */ = {isa = PBXBuildFile; fileRef = 5D0067611E18CDEA00462E4D /* Main.storyboard */; };
		5D0067651E18CDEA00462E4D /* Assets.xcassets in Resources */ = {isa = PBXBuildFile; fileRef = 5D0067641E18CDEA00462E4D /* Assets.xcassets */; };
		5D0067681E18CDEA00462E4D /* LaunchScreen.storyboard in Resources */ = {isa = PBXBuildFile; fileRef = 5D0067661E18CDEA00462E4D /* LaunchScreen.storyboard */; };
		5D0067761E18CF1900462E4D /* blockerList.json in Resources */ = {isa = PBXBuildFile; fileRef = 5D0067751E18CF1900462E4D /* blockerList.json */; };
		5D0067781E18CF1900462E4D /* ContentBlockerRequestHandler.swift in Sources */ = {isa = PBXBuildFile; fileRef = 5D0067771E18CF1900462E4D /* ContentBlockerRequestHandler.swift */; };
		5D00677C1E18CF1900462E4D /* Blocking.appex in Embed App Extensions */ = {isa = PBXBuildFile; fileRef = 5D0067731E18CF1800462E4D /* Blocking.appex */; settings = {ATTRIBUTES = (RemoveHeadersOnCopy, ); }; };
		5D0C04121E1B9B9C002D8B16 /* merged.json in Resources */ = {isa = PBXBuildFile; fileRef = 5D0C04111E1B9B9C002D8B16 /* merged.json */; };
/* End PBXBuildFile section */

/* Begin PBXContainerItemProxy section */
		5D00677A1E18CF1900462E4D /* PBXContainerItemProxy */ = {
			isa = PBXContainerItemProxy;
			containerPortal = 5D0067521E18CDE900462E4D /* Project object */;
			proxyType = 1;
			remoteGlobalIDString = 5D0067721E18CF1800462E4D;
			remoteInfo = Blocking;
		};
/* End PBXContainerItemProxy section */

/* Begin PBXCopyFilesBuildPhase section */
		5D0067801E18CF1900462E4D /* Embed App Extensions */ = {
			isa = PBXCopyFilesBuildPhase;
			buildActionMask = 2147483647;
			dstPath = "";
			dstSubfolderSpec = 13;
			files = (
				5D00677C1E18CF1900462E4D /* Blocking.appex in Embed App Extensions */,
			);
			name = "Embed App Extensions";
			runOnlyForDeploymentPostprocessing = 0;
		};
/* End PBXCopyFilesBuildPhase section */

/* Begin PBXFileReference section */
		5D00675A1E18CDEA00462E4D /* Concentrate.app */ = {isa = PBXFileReference; explicitFileType = wrapper.application; includeInIndex = 0; path = Concentrate.app; sourceTree = BUILT_PRODUCTS_DIR; };
		5D00675D1E18CDEA00462E4D /* AppDelegate.swift */ = {isa = PBXFileReference; lastKnownFileType = sourcecode.swift; path = AppDelegate.swift; sourceTree = "<group>"; };
		5D00675F1E18CDEA00462E4D /* ViewController.swift */ = {isa = PBXFileReference; lastKnownFileType = sourcecode.swift; path = ViewController.swift; sourceTree = "<group>"; };
		5D0067621E18CDEA00462E4D /* Base */ = {isa = PBXFileReference; lastKnownFileType = file.storyboard; name = Base; path = Base.lproj/Main.storyboard; sourceTree = "<group>"; };
		5D0067641E18CDEA00462E4D /* Assets.xcassets */ = {isa = PBXFileReference; lastKnownFileType = folder.assetcatalog; path = Assets.xcassets; sourceTree = "<group>"; };
		5D0067671E18CDEA00462E4D /* Base */ = {isa = PBXFileReference; lastKnownFileType = file.storyboard; name = Base; path = Base.lproj/LaunchScreen.storyboard; sourceTree = "<group>"; };
		5D0067691E18CDEA00462E4D /* Info.plist */ = {isa = PBXFileReference; lastKnownFileType = text.plist.xml; path = Info.plist; sourceTree = "<group>"; };
		5D0067731E18CF1800462E4D /* Blocking.appex */ = {isa = PBXFileReference; explicitFileType = "wrapper.app-extension"; includeInIndex = 0; path = Blocking.appex; sourceTree = BUILT_PRODUCTS_DIR; };
		5D0067751E18CF1900462E4D /* blockerList.json */ = {isa = PBXFileReference; lastKnownFileType = text.json; path = blockerList.json; sourceTree = "<group>"; };
		5D0067771E18CF1900462E4D /* ContentBlockerRequestHandler.swift */ = {isa = PBXFileReference; lastKnownFileType = sourcecode.swift; path = ContentBlockerRequestHandler.swift; sourceTree = "<group>"; };
		5D0067791E18CF1900462E4D /* Info.plist */ = {isa = PBXFileReference; lastKnownFileType = text.plist.xml; path = Info.plist; sourceTree = "<group>"; };
		5D0C04111E1B9B9C002D8B16 /* merged.json */ = {isa = PBXFileReference; fileEncoding = 4; lastKnownFileType = text.json; path = merged.json; sourceTree = "<group>"; };
/* End PBXFileReference section */

/* Begin PBXFrameworksBuildPhase section */
		5D0067571E18CDE900462E4D /* Frameworks */ = {
			isa = PBXFrameworksBuildPhase;
			buildActionMask = 2147483647;
			files = (
			);
			runOnlyForDeploymentPostprocessing = 0;
		};
		5D0067701E18CF1800462E4D /* Frameworks */ = {
			isa = PBXFrameworksBuildPhase;
			buildActionMask = 2147483647;
			files = (
			);
			runOnlyForDeploymentPostprocessing = 0;
		};
/* End PBXFrameworksBuildPhase section */

/* Begin PBXGroup section */
		5D0067511E18CDE900462E4D = {
			isa = PBXGroup;
			children = (
				5D00675C1E18CDEA00462E4D /* Concentrate */,
				5D0067741E18CF1900462E4D /* Blocking */,
				5D00675B1E18CDEA00462E4D /* Products */,
			);
			sourceTree = "<group>";
		};
		5D00675B1E18CDEA00462E4D /* Products */ = {
			isa = PBXGroup;
			children = (
				5D00675A1E18CDEA00462E4D /* Concentrate.app */,
				5D0067731E18CF1800462E4D /* Blocking.appex */,
			);
			name = Products;
			sourceTree = "<group>";
		};
		5D00675C1E18CDEA00462E4D /* Concentrate */ = {
			isa = PBXGroup;
			children = (
				5D00675D1E18CDEA00462E4D /* AppDelegate.swift */,
				5D00675F1E18CDEA00462E4D /* ViewController.swift */,
				5D0067611E18CDEA00462E4D /* Main.storyboard */,
				5D0067641E18CDEA00462E4D /* Assets.xcassets */,
				5D0067661E18CDEA00462E4D /* LaunchScreen.storyboard */,
				5D0067691E18CDEA00462E4D /* Info.plist */,
			);
			path = Concentrate;
			sourceTree = "<group>";
		};
		5D0067741E18CF1900462E4D /* Blocking */ = {
			isa = PBXGroup;
			children = (
				5D0C04111E1B9B9C002D8B16 /* merged.json */,
				5D0067751E18CF1900462E4D /* blockerList.json */,
				5D0067771E18CF1900462E4D /* ContentBlockerRequestHandler.swift */,
				5D0067791E18CF1900462E4D /* Info.plist */,
			);
			path = Blocking;
			sourceTree = "<group>";
		};
/* End PBXGroup section */

/* Begin PBXNativeTarget section */
		5D0067591E18CDE900462E4D /* Concentrate */ = {
			isa = PBXNativeTarget;
			buildConfigurationList = 5D00676C1E18CDEA00462E4D /* Build configuration list for PBXNativeTarget "Concentrate" */;
			buildPhases = (
				5D0067561E18CDE900462E4D /* Sources */,
				5D0067571E18CDE900462E4D /* Frameworks */,
				5D0067581E18CDE900462E4D /* Resources */,
				5D0067801E18CF1900462E4D /* Embed App Extensions */,
			);
			buildRules = (
			);
			dependencies = (
				5D00677B1E18CF1900462E4D /* PBXTargetDependency */,
			);
			name = Concentrate;
			productName = Concentrate;
			productReference = 5D00675A1E18CDEA00462E4D /* Concentrate.app */;
			productType = "com.apple.product-type.application";
		};
		5D0067721E18CF1800462E4D /* Blocking */ = {
			isa = PBXNativeTarget;
			buildConfigurationList = 5D00677D1E18CF1900462E4D /* Build configuration list for PBXNativeTarget "Blocking" */;
			buildPhases = (
				5D00676F1E18CF1800462E4D /* Sources */,
				5D0067701E18CF1800462E4D /* Frameworks */,
				5D0067711E18CF1800462E4D /* Resources */,
			);
			buildRules = (
			);
			dependencies = (
			);
			name = Blocking;
			productName = Blocking;
			productReference = 5D0067731E18CF1800462E4D /* Blocking.appex */;
			productType = "com.apple.product-type.app-extension";
		};
/* End PBXNativeTarget section */

/* Begin PBXProject section */
		5D0067521E18CDE900462E4D /* Project object */ = {
			isa = PBXProject;
			attributes = {
				LastSwiftUpdateCheck = 0820;
				LastUpgradeCheck = 0820;
				ORGANIZATIONNAME = "Tsukasa K";
				TargetAttributes = {
					5D0067591E18CDE900462E4D = {
						CreatedOnToolsVersion = 8.2;
						DevelopmentTeam = XV5TWAN2G7;
						ProvisioningStyle = Automatic;
					};
					5D0067721E18CF1800462E4D = {
						CreatedOnToolsVersion = 8.2;
						DevelopmentTeam = XV5TWAN2G7;
						ProvisioningStyle = Automatic;
					};
				};
			};
			buildConfigurationList = 5D0067551E18CDE900462E4D /* Build configuration list for PBXProject "Concentrate" */;
			compatibilityVersion = "Xcode 3.2";
			developmentRegion = English;
			hasScannedForEncodings = 0;
			knownRegions = (
				en,
				Base,
			);
			mainGroup = 5D0067511E18CDE900462E4D;
			productRefGroup = 5D00675B1E18CDEA00462E4D /* Products */;
			projectDirPath = "";
			projectRoot = "";
			targets = (
				5D0067591E18CDE900462E4D /* Concentrate */,
				5D0067721E18CF1800462E4D /* Blocking */,
			);
		};
/* End PBXProject section */

/* Begin PBXResourcesBuildPhase section */
		5D0067581E18CDE900462E4D /* Resources */ = {
			isa = PBXResourcesBuildPhase;
			buildActionMask = 2147483647;
			files = (
				5D0067681E18CDEA00462E4D /* LaunchScreen.storyboard in Resources */,
				5D0067651E18CDEA00462E4D /* Assets.xcassets in Resources */,
				5D0067631E18CDEA00462E4D /* Main.storyboard in Resources */,
			);
			runOnlyForDeploymentPostprocessing = 0;
		};
		5D0067711E18CF1800462E4D /* Resources */ = {
			isa = PBXResourcesBuildPhase;
			buildActionMask = 2147483647;
			files = (
				5D0067761E18CF1900462E4D /* blockerList.json in Resources */,
				5D0C04121E1B9B9C002D8B16 /* merged.json in Resources */,
			);
			runOnlyForDeploymentPostprocessing = 0;
		};
/* End PBXResourcesBuildPhase section */

/* Begin PBXSourcesBuildPhase section */
		5D0067561E18CDE900462E4D /* Sources */ = {
			isa = PBXSourcesBuildPhase;
			buildActionMask = 2147483647;
			files = (
				5D0067601E18CDEA00462E4D /* ViewController.swift in Sources */,
				5D00675E1E18CDEA00462E4D /* AppDelegate.swift in Sources */,
			);
			runOnlyForDeploymentPostprocessing = 0;
		};
		5D00676F1E18CF1800462E4D /* Sources */ = {
			isa = PBXSourcesBuildPhase;
			buildActionMask = 2147483647;
			files = (
				5D0067781E18CF1900462E4D /* ContentBlockerRequestHandler.swift in Sources */,
			);
			runOnlyForDeploymentPostprocessing = 0;
		};
/* End PBXSourcesBuildPhase section */

/* Begin PBXTargetDependency section */
		5D00677B1E18CF1900462E4D /* PBXTargetDependency */ = {
			isa = PBXTargetDependency;
			target = 5D0067721E18CF1800462E4D /* Blocking */;
			targetProxy = 5D00677A1E18CF1900462E4D /* PBXContainerItemProxy */;
		};
/* End PBXTargetDependency section */

/* Begin PBXVariantGroup section */
		5D0067611E18CDEA00462E4D /* Main.storyboard */ = {
			isa = PBXVariantGroup;
			children = (
				5D0067621E18CDEA00462E4D /* Base */,
			);
			name = Main.storyboard;
			sourceTree = "<group>";
		};
		5D0067661E18CDEA00462E4D /* LaunchScreen.storyboard */ = {
			isa = PBXVariantGroup;
			children = (
				5D0067671E18CDEA00462E4D /* Base */,
			);
			name = LaunchScreen.storyboard;
			sourceTree = "<group>";
		};
/* End PBXVariantGroup section */

/* Begin XCBuildConfiguration section */
		5D00676A1E18CDEA00462E4D /* Debug */ = {
			isa = XCBuildConfiguration;
			buildSettings = {
				ALWAYS_SEARCH_USER_PATHS = NO;
				CLANG_ANALYZER_NONNULL = YES;
				CLANG_CXX_LANGUAGE_STANDARD = "gnu++0x";
				CLANG_CXX_LIBRARY = "libc++";
				CLANG_ENABLE_MODULES = YES;
				CLANG_ENABLE_OBJC_ARC = YES;
				CLANG_WARN_BOOL_CONVERSION = YES;
				CLANG_WARN_CONSTANT_CONVERSION = YES;
				CLANG_WARN_DIRECT_OBJC_ISA_USAGE = YES_ERROR;
				CLANG_WARN_DOCUMENTATION_COMMENTS = YES;
				CLANG_WARN_EMPTY_BODY = YES;
				CLANG_WARN_ENUM_CONVERSION = YES;
				CLANG_WARN_INFINITE_RECURSION = YES;
				CLANG_WARN_INT_CONVERSION = YES;
				CLANG_WARN_OBJC_ROOT_CLASS = YES_ERROR;
				CLANG_WARN_SUSPICIOUS_MOVE = YES;
				CLANG_WARN_UNREACHABLE_CODE = YES;
				CLANG_WARN__DUPLICATE_METHOD_MATCH = YES;
				"CODE_SIGN_IDENTITY[sdk=iphoneos*]" = "iPhone Developer";
				COPY_PHASE_STRIP = NO;
				DEBUG_INFORMATION_FORMAT = dwarf;
				ENABLE_STRICT_OBJC_MSGSEND = YES;
				ENABLE_TESTABILITY = YES;
				GCC_C_LANGUAGE_STANDARD = gnu99;
				GCC_DYNAMIC_NO_PIC = NO;
				GCC_NO_COMMON_BLOCKS = YES;
				GCC_OPTIMIZATION_LEVEL = 0;
				GCC_PREPROCESSOR_DEFINITIONS = (
					"DEBUG=1",
					"$(inherited)",
				);
				GCC_WARN_64_TO_32_BIT_CONVERSION = YES;
				GCC_WARN_ABOUT_RETURN_TYPE = YES_ERROR;
				GCC_WARN_UNDECLARED_SELECTOR = YES;
				GCC_WARN_UNINITIALIZED_AUTOS = YES_AGGRESSIVE;
				GCC_WARN_UNUSED_FUNCTION = YES;
				GCC_WARN_UNUSED_VARIABLE = YES;
				IPHONEOS_DEPLOYMENT_TARGET = 10.2;
				MTL_ENABLE_DEBUG_INFO = YES;
				ONLY_ACTIVE_ARCH = YES;
				SDKROOT = iphoneos;
				SWIFT_ACTIVE_COMPILATION_CONDITIONS = DEBUG;
				SWIFT_OPTIMIZATION_LEVEL = "-Onone";
			};
			name = Debug;
		};
		5D00676B1E18CDEA00462E4D /* Release */ = {
			isa = XCBuildConfiguration;
			buildSettings = {
				ALWAYS_SEARCH_USER_PATHS = NO;
				CLANG_ANALYZER_NONNULL = YES;
				CLANG_CXX_LANGUAGE_STANDARD = "gnu++0x";
				CLANG_CXX_LIBRARY = "libc++";
				CLANG_ENABLE_MODULES = YES;
				CLANG_ENABLE_OBJC_ARC = YES;
				CLANG_WARN_BOOL_CONVERSION = YES;
				CLANG_WARN_CONSTANT_CONVERSION = YES;
				CLANG_WARN_DIRECT_OBJC_ISA_USAGE = YES_ERROR;
				CLANG_WARN_DOCUMENTATION_COMMENTS = YES;
				CLANG_WARN_EMPTY_BODY = YES;
				CLANG_WARN_ENUM_CONVERSION = YES;
				CLANG_WARN_INFINITE_RECURSION = YES;
				CLANG_WARN_INT_CONVERSION = YES;
				CLANG_WARN_OBJC_ROOT_CLASS = YES_ERROR;
				CLANG_WARN_SUSPICIOUS_MOVE = YES;
				CLANG_WARN_UNREACHABLE_CODE = YES;
				CLANG_WARN__DUPLICATE_METHOD_MATCH = YES;
				"CODE_SIGN_IDENTITY[sdk=iphoneos*]" = "iPhone Developer";
				COPY_PHASE_STRIP = NO;
				DEBUG_INFORMATION_FORMAT = "dwarf-with-dsym";
				ENABLE_NS_ASSERTIONS = NO;
				ENABLE_STRICT_OBJC_MSGSEND = YES;
				GCC_C_LANGUAGE_STANDARD = gnu99;
				GCC_NO_COMMON_BLOCKS = YES;
				GCC_WARN_64_TO_32_BIT_CONVERSION = YES;
				GCC_WARN_ABOUT_RETURN_TYPE = YES_ERROR;
				GCC_WARN_UNDECLARED_SELECTOR = YES;
				GCC_WARN_UNINITIALIZED_AUTOS = YES_AGGRESSIVE;
				GCC_WARN_UNUSED_FUNCTION = YES;
				GCC_WARN_UNUSED_VARIABLE = YES;
				IPHONEOS_DEPLOYMENT_TARGET = 10.2;
				MTL_ENABLE_DEBUG_INFO = NO;
				SDKROOT = iphoneos;
				SWIFT_OPTIMIZATION_LEVEL = "-Owholemodule";
				VALIDATE_PRODUCT = YES;
			};
			name = Release;
		};
		5D00676D1E18CDEA00462E4D /* Debug */ = {
			isa = XCBuildConfiguration;
			buildSettings = {
				ALWAYS_EMBED_SWIFT_STANDARD_LIBRARIES = YES;
				ASSETCATALOG_COMPILER_APPICON_NAME = AppIcon;
				DEVELOPMENT_TEAM = XV5TWAN2G7;
				INFOPLIST_FILE = Concentrate/Info.plist;
				LD_RUNPATH_SEARCH_PATHS = "$(inherited) @executable_path/Frameworks";
				PRODUCT_BUNDLE_IDENTIFIER = com.kykomi.Concentrate;
				PRODUCT_NAME = "$(TARGET_NAME)";
				SWIFT_VERSION = 3.0;
			};
			name = Debug;
		};
		5D00676E1E18CDEA00462E4D /* Release */ = {
			isa = XCBuildConfiguration;
			buildSettings = {
				ALWAYS_EMBED_SWIFT_STANDARD_LIBRARIES = YES;
				ASSETCATALOG_COMPILER_APPICON_NAME = AppIcon;
				DEVELOPMENT_TEAM = XV5TWAN2G7;
				INFOPLIST_FILE = Concentrate/Info.plist;
				LD_RUNPATH_SEARCH_PATHS = "$(inherited) @executable_path/Frameworks";
				PRODUCT_BUNDLE_IDENTIFIER = com.kykomi.Concentrate;
				PRODUCT_NAME = "$(TARGET_NAME)";
				SWIFT_VERSION = 3.0;
			};
			name = Release;
		};
		5D00677E1E18CF1900462E4D /* Debug */ = {
			isa = XCBuildConfiguration;
			buildSettings = {
				ARCHS = "$(ARCHS_STANDARD_64_BIT)";
				DEVELOPMENT_TEAM = XV5TWAN2G7;
				INFOPLIST_FILE = Blocking/Info.plist;
				LD_RUNPATH_SEARCH_PATHS = "$(inherited) @executable_path/Frameworks @executable_path/../../Frameworks";
				PRODUCT_BUNDLE_IDENTIFIER = com.kykomi.Concentrate.Blocking;
				PRODUCT_NAME = "$(TARGET_NAME)";
				SKIP_INSTALL = YES;
				SWIFT_VERSION = 3.0;
			};
			name = Debug;
		};
		5D00677F1E18CF1900462E4D /* Release */ = {
			isa = XCBuildConfiguration;
			buildSettings = {
				ARCHS = "$(ARCHS_STANDARD_64_BIT)";
				DEVELOPMENT_TEAM = XV5TWAN2G7;
				INFOPLIST_FILE = Blocking/Info.plist;
				LD_RUNPATH_SEARCH_PATHS = "$(inherited) @executable_path/Frameworks @executable_path/../../Frameworks";
				PRODUCT_BUNDLE_IDENTIFIER = com.kykomi.Concentrate.Blocking;
				PRODUCT_NAME = "$(TARGET_NAME)";
				SKIP_INSTALL = YES;
				SWIFT_VERSION = 3.0;
			};
			name = Release;
		};
/* End XCBuildConfiguration section */

/* Begin XCConfigurationList section */
		5D0067551E18CDE900462E4D /* Build configuration list for PBXProject "Concentrate" */ = {
			isa = XCConfigurationList;
			buildConfigurations = (
				5D00676A1E18CDEA00462E4D /* Debug */,
				5D00676B1E18CDEA00462E4D /* Release */,
			);
			defaultConfigurationIsVisible = 0;
			defaultConfigurationName = Release;
		};
		5D00676C1E18CDEA00462E4D /* Build configuration list for PBXNativeTarget "Concentrate" */ = {
			isa = XCConfigurationList;
			buildConfigurations = (
				5D00676D1E18CDEA00462E4D /* Debug */,
				5D00676E1E18CDEA00462E4D /* Release */,
			);
			defaultConfigurationIsVisible = 0;
			defaultConfigurationName = Release;
		};
		5D00677D1E18CF1900462E4D /* Build configuration list for PBXNativeTarget "Blocking" */ = {
			isa = XCConfigurationList;
			buildConfigurations = (
				5D00677E1E18CF1900462E4D /* Debug */,
				5D00677F1E18CF1900462E4D /* Release */,
			);
			defaultConfigurationIsVisible = 0;
			defaultConfigurationName = Release;
		};
/* End XCConfigurationList section */
	};
	rootObject = 5D0067521E18CDE900462E4D /* Project object */;
}
